# This file is automatically @generated by Cargo.
# It is not intended for manual editing.
version = 3

[[package]]
name = "awint"
version = "0.17.0"
source = "registry+https://github.com/rust-lang/crates.io-index"
checksum = "2eecc6aa8038462b9cf08f0d469d68173781d2c30df193a032497cbbbdde7f8e"
dependencies = [
 "awint_core",
 "awint_dag",
 "awint_ext",
 "awint_macro_internals",
 "awint_macros",
]

[[package]]
name = "awint_core"
version = "0.17.0"
source = "registry+https://github.com/rust-lang/crates.io-index"
checksum = "eb48ec9075a40eaece9dd3add48b2a024530baf2d1e0d2a633de1891d4dc9136"
dependencies = [
 "awint_internals",
 "const_fn",
]

[[package]]
name = "awint_dag"
version = "0.17.0"
source = "registry+https://github.com/rust-lang/crates.io-index"
checksum = "c9f6f8d99656169a8c8443e6cb3bbc375903dff44f4dea815ab38252054cb70a"
dependencies = [
 "awint_ext",
 "awint_macro_internals",
 "awint_macros",
 "smallvec",
]

[[package]]
name = "awint_ext"
version = "0.17.0"
source = "registry+https://github.com/rust-lang/crates.io-index"
checksum = "9dec0a6d7244429d2255f3a8288744dc715afcd766c515468c3a5d7f876e3075"
dependencies = [
 "awint_core",
 "const_fn",
]

[[package]]
name = "awint_internals"
version = "0.17.0"
source = "registry+https://github.com/rust-lang/crates.io-index"
checksum = "026a76ba81e863b761813c98616c2878aa040b01f76dc326b8df7f09b5309a9a"
dependencies = [
 "const_fn",
]

[[package]]
name = "awint_macro_internals"
version = "0.17.0"
source = "registry+https://github.com/rust-lang/crates.io-index"
checksum = "c818df295e3dc18a8745b21b35235f8d38991ef2d2da446d2554a040fe6b5b1e"
dependencies = [
 "awint_ext",
 "proc-macro2",
 "triple_arena",
]

[[package]]
name = "awint_macros"
version = "0.17.0"
source = "registry+https://github.com/rust-lang/crates.io-index"
checksum = "d542750185db0db6e77f7c6f58631633be81d306542c1f808c3f5508e3bbaf5c"
dependencies = [
 "awint_internals",
 "awint_macro_internals",
]

[[package]]
name = "const_fn"
version = "0.4.10"
source = "registry+https://github.com/rust-lang/crates.io-index"
checksum = "373e9fafaa20882876db20562275ff58d50e0caa2590077fe7ce7bef90211d0d"

[[package]]
name = "old_exponential_code"
version = "0.1.0"
dependencies = [
 "awint",
]

[[package]]
name = "proc-macro2"
version = "1.0.86"
source = "registry+https://github.com/rust-lang/crates.io-index"
checksum = "5e719e8df665df0d1c8fbfd238015744736151d4445ec0836b8e628aae103b77"
dependencies = [
 "unicode-ident",
]

[[package]]
name = "recasting"
version = "0.2.1"
source = "registry+https://github.com/rust-lang/crates.io-index"
checksum = "70aeee1a07922bfe7c79e148553dee262248d2493d9778eee7551b9b5d7cc651"

[[package]]
name = "smallvec"
version = "1.13.2"
source = "registry+https://github.com/rust-lang/crates.io-index"
checksum = "3c5e1a9a646d36c3599cd173a41282daf47c44583ad367b8e6837255952e5c67"

[[package]]
name = "triple_arena"
version = "0.13.0"
source = "registry+https://github.com/rust-lang/crates.io-index"
checksum = "d9f703f514cc2fa8048d90bfee1410c16ae228d6b410a57d069ed2fac2a1a26f"
dependencies = [
 "recasting",
]

[[package]]
name = "unicode-ident"
version = "1.0.12"
source = "registry+https://github.com/rust-lang/crates.io-index"
checksum = "3354b9ac3fae1ff6755cb6db53683adb661634f67557942dea4facebec0fee4b"
